Microsoft Visual Studio Solution File, Format Version 12.00
# Visual Studio Version 17
VisualStudioVersion = 17.5.2.0
MinimumVisualStudioVersion = 10.0.40219.1
Project("{FAE04EC0-301F-11D3-BF4B-00C04F79EFBC}") = "VoteApp.API", "VoteApp.API.csproj", "{2C135304-4678-9F24-0127-5C233C6D985C}"
EndProject
Global
	GlobalSection(SolutionConfigurationPlatforms) = preSolution
		Debug|Any CPU = Debug|Any CPU
		Release|Any CPU = Release|Any CPU
	EndGlobalSection
	GlobalSection(ProjectConfigurationPlatforms) = postSolution
		{2C135304-4678-9F24-0127-5C233C6D985C}.Debug|Any CPU.ActiveCfg = Debug|Any CPU
		{2C135304-4678-9F24-0127-5C233C6D985C}.Debug|Any CPU.Build.0 = Debug|Any CPU
		{2C135304-4678-9F24-0127-5C233C6D985C}.Release|Any CPU.ActiveCfg = Release|Any CPU
		{2C135304-4678-9F24-0127-5C233C6D985C}.Release|Any CPU.Build.0 = Release|Any CPU
	EndGlobalSection
	GlobalSection(SolutionProperties) = preSolution
		HideSolutionNode = FALSE
	EndGlobalSection
	GlobalSection(ExtensibilityGlobals) = postSolution
		SolutionGuid = {04533C68-2425-4B5E-B471-69D847E1DB97}
	EndGlobalSection
EndGlobal
